
Microsoft Visual Studio Solution File, Format Version 12.00
Project("{FAE04EC0-301F-11D3-BF4B-00C04F79EFBC}") = "DeedsofUtgard", "DeedsofUtgard.csproj", "{CD17DE17-B132-4899-AC86-B370591626DC}"
EndProject
Global
	GlobalSection(SolutionConfigurationPlatforms) = preSolution
		Debug|Any CPU = Debug|Any CPU
		Release|Any CPU = Release|Any CPU
	EndGlobalSection
	GlobalSection(ProjectConfigurationPlatforms) = postSolution
		{CD17DE17-B132-4899-AC86-B370591626DC}.Debug|Any CPU.ActiveCfg = Debug|Any CPU
		{CD17DE17-B132-4899-AC86-B370591626DC}.Debug|Any CPU.Build.0 = Debug|Any CPU
		{CD17DE17-B132-4899-AC86-B370591626DC}.Release|Any CPU.ActiveCfg = Release|Any CPU
		{CD17DE17-B132-4899-AC86-B370591626DC}.Release|Any CPU.Build.0 = Release|Any CPU
	EndGlobalSection
EndGlobal
